
Microsoft Visual Studio Solution File, Format Version 12.00
# Visual Studio Version 17
VisualStudioVersion = 17.3.32901.215
MinimumVisualStudioVersion = 10.0.40219.1
Project("{FAE04EC0-301F-11D3-BF4B-00C04F79EFBC}") = "Shop", "Shop\Shop.csproj", "{95277422-F2FD-4E81-AA40-59B859A5834D}"
EndProject
Global
	GlobalSection(SolutionConfigurationPlatforms) = preSolution
		Debug|Any CPU = Debug|Any CPU
		Release|Any CPU = Release|Any CPU
	EndGlobalSection
	GlobalSection(ProjectConfigurationPlatforms) = postSolution
		{95277422-F2FD-4E81-AA40-59B859A5834D}.Debug|Any CPU.ActiveCfg = Debug|Any CPU
		{95277422-F2FD-4E81-AA40-59B859A5834D}.Debug|Any CPU.Build.0 = Debug|Any CPU
		{95277422-F2FD-4E81-AA40-59B859A5834D}.Release|Any CPU.ActiveCfg = Release|Any CPU
		{95277422-F2FD-4E81-AA40-59B859A5834D}.Release|Any CPU.Build.0 = Release|Any CPU
	EndGlobalSection
	GlobalSection(SolutionProperties) = preSolution
		HideSolutionNode = FALSE
	EndGlobalSection
	GlobalSection(ExtensibilityGlobals) = postSolution
		SolutionGuid = {5EE6454B-C516-4A80-BDC6-C50331A9AE0E}
	EndGlobalSection
EndGlobal
